
Microsoft Visual Studio Solution File, Format Version 12.00
# Visual Studio Version 17
VisualStudioVersion = 17.14.36616.10 d17.14
MinimumVisualStudioVersion = 10.0.40219.1
Project("{FAE04EC0-301F-11D3-BF4B-00C04F79EFBC}") = "Shopping.Api", "Shopping.Api\Shopping.Api.csproj", "{F09C4195-BAF0-43A6-A6F3-A3943D602C6B}"
EndProject
Global
	GlobalSection(SolutionConfigurationPlatforms) = preSolution
		Debug|Any CPU = Debug|Any CPU
		Release|Any CPU = Release|Any CPU
	EndGlobalSection
	GlobalSection(ProjectConfigurationPlatforms) = postSolution
		{F09C4195-BAF0-43A6-A6F3-A3943D602C6B}.Debug|Any CPU.ActiveCfg = Debug|Any CPU
		{F09C4195-BAF0-43A6-A6F3-A3943D602C6B}.Debug|Any CPU.Build.0 = Debug|Any CPU
		{F09C4195-BAF0-43A6-A6F3-A3943D602C6B}.Release|Any CPU.ActiveCfg = Release|Any CPU
		{F09C4195-BAF0-43A6-A6F3-A3943D602C6B}.Release|Any CPU.Build.0 = Release|Any CPU
	EndGlobalSection
	GlobalSection(SolutionProperties) = preSolution
		HideSolutionNode = FALSE
	EndGlobalSection
	GlobalSection(ExtensibilityGlobals) = postSolution
		SolutionGuid = {2C4149FE-23CB-470D-8062-F04A486C8000}
	EndGlobalSection
EndGlobal
